// !$*UTF8*$!
{
	archiveVersion = 1;
	classes = {
	};
	objectVersion = 46;
	objects = {

/* Begin PBXBuildFile section */
		021549721F4B2F43005738DC /* SafariViewController.swift in Sources */ = {isa = PBXBuildFile; fileRef = 021549711F4B2F43005738DC /* SafariViewController.swift */; };
		021549751F4DAF03005738DC /* ImagesViewController.swift in Sources */ = {isa = PBXBuildFile; fileRef = 021549741F4DAF03005738DC /* ImagesViewController.swift */; };
		021549771F4DBC14005738DC /* ImageViewCell.swift in Sources */ = {isa = PBXBuildFile; fileRef = 021549761F4DBC14005738DC /* ImageViewCell.swift */; };
		021549791F4DCCC6005738DC /* ImagesViewModel.swift in Sources */ = {isa = PBXBuildFile; fileRef = 021549781F4DCCC6005738DC /* ImagesViewModel.swift */; };
		0215497D1F4F1633005738DC /* ImagesViewPresenter.swift in Sources */ = {isa = PBXBuildFile; fileRef = 0215497C1F4F1633005738DC /* ImagesViewPresenter.swift */; };
		024114541F31003400FAE520 /* TweetTableViewCell.swift in Sources */ = {isa = PBXBuildFile; fileRef = 024114531F31003400FAE520 /* TweetTableViewCell.swift */; };
		029CBE751F49B06B00E6E51D /* RecentQueriesController.swift in Sources */ = {isa = PBXBuildFile; fileRef = 029CBE741F49B06B00E6E51D /* RecentQueriesController.swift */; };
		029CBE771F49BDFD00E6E51D /* RecentQueriesModel.swift in Sources */ = {isa = PBXBuildFile; fileRef = 029CBE761F49BDFD00E6E51D /* RecentQueriesModel.swift */; };
		029F1B381F2F7579009AF9FE /* AppDelegate.swift in Sources */ = {isa = PBXBuildFile; fileRef = 029F1B371F2F7579009AF9FE /* AppDelegate.swift */; };
		029F1B3D1F2F7579009AF9FE /* Main.storyboard in Resources */ = {isa = PBXBuildFile; fileRef = 029F1B3B1F2F7579009AF9FE /* Main.storyboard */; };
		029F1B3F1F2F7579009AF9FE /* Assets.xcassets in Resources */ = {isa = PBXBuildFile; fileRef = 029F1B3E1F2F7579009AF9FE /* Assets.xcassets */; };
		029F1B421F2F7579009AF9FE /* LaunchScreen.storyboard in Resources */ = {isa = PBXBuildFile; fileRef = 029F1B401F2F7579009AF9FE /* LaunchScreen.storyboard */; };
		029F1B4D1F2F7579009AF9FE /* SmashtagTests.swift in Sources */ = {isa = PBXBuildFile; fileRef = 029F1B4C1F2F7579009AF9FE /* SmashtagTests.swift */; };
		029F1B581F2F7579009AF9FE /* SmashtagUITests.swift in Sources */ = {isa = PBXBuildFile; fileRef = 029F1B571F2F7579009AF9FE /* SmashtagUITests.swift */; };
		029F1B671F2F76A7009AF9FE /* TweetTableViewController.swift in Sources */ = {isa = PBXBuildFile; fileRef = 029F1B661F2F76A7009AF9FE /* TweetTableViewController.swift */; };
		029F1B7D1F320A0C009AF9FE /* Twitter.framework in Frameworks */ = {isa = PBXBuildFile; fileRef = 029F1B7C1F320A0C009AF9FE /* Twitter.framework */; };
		029F1B7E1F320A0C009AF9FE /* Twitter.framework in Embed Frameworks */ = {isa = PBXBuildFile; fileRef = 029F1B7C1F320A0C009AF9FE /* Twitter.framework */; settings = {ATTRIBUTES = (CodeSignOnCopy, RemoveHeadersOnCopy, ); }; };
		029F1B811F337335009AF9FE /* MentionsTableViewController.swift in Sources */ = {isa = PBXBuildFile; fileRef = 029F1B801F337335009AF9FE /* MentionsTableViewController.swift */; };
		029F1B841F337971009AF9FE /* ImageMentionTableViewCell.swift in Sources */ = {isa = PBXBuildFile; fileRef = 029F1B831F337971009AF9FE /* ImageMentionTableViewCell.swift */; };
		029F1B881F337A14009AF9FE /* MentionsModel.swift in Sources */ = {isa = PBXBuildFile; fileRef = 029F1B871F337A14009AF9FE /* MentionsModel.swift */; };
		02C3FC331F43175B0036E681 /* ImageShowControl.swift in Sources */ = {isa = PBXBuildFile; fileRef = 02C3FC321F43175B0036E681 /* ImageShowControl.swift */; };
/* End PBXBuildFile section */

/* Begin PBXContainerItemProxy section */
		029F1B491F2F7579009AF9FE /* PBXContainerItemProxy */ = {
			isa = PBXContainerItemProxy;
			containerPortal = 029F1B2C1F2F7579009AF9FE /* Project object */;
			proxyType = 1;
			remoteGlobalIDString = 029F1B331F2F7579009AF9FE;
			remoteInfo = Smashtag;
		};
		029F1B541F2F7579009AF9FE /* PBXContainerItemProxy */ = {
			isa = PBXContainerItemProxy;
			containerPortal = 029F1B2C1F2F7579009AF9FE /* Project object */;
			proxyType = 1;
			remoteGlobalIDString = 029F1B331F2F7579009AF9FE;
			remoteInfo = Smashtag;
		};
/* End PBXContainerItemProxy section */

/* Begin PBXCopyFilesBuildPhase section */
		029F1B751F31D522009AF9FE /* Embed Frameworks */ = {
			isa = PBXCopyFilesBuildPhase;
			buildActionMask = 2147483647;
			dstPath = "";
			dstSubfolderSpec = 10;
			files = (
				029F1B7E1F320A0C009AF9FE /* Twitter.framework in Embed Frameworks */,
			);
			name = "Embed Frameworks";
			runOnlyForDeploymentPostprocessing = 0;
		};
/* End PBXCopyFilesBuildPhase section */

/* Begin PBXFileReference section */
		021549711F4B2F43005738DC /* SafariViewController.swift */ = {isa = PBXFileReference; fileEncoding = 4; lastKnownFileType = sourcecode.swift; path = SafariViewController.swift; sourceTree = "<group>"; };
		021549741F4DAF03005738DC /* ImagesViewController.swift */ = {isa = PBXFileReference; fileEncoding = 4; lastKnownFileType = sourcecode.swift; path = ImagesViewController.swift; sourceTree = "<group>"; };
		021549761F4DBC14005738DC /* ImageViewCell.swift */ = {isa = PBXFileReference; fileEncoding = 4; lastKnownFileType = sourcecode.swift; path = ImageViewCell.swift; sourceTree = "<group>"; };
		021549781F4DCCC6005738DC /* ImagesViewModel.swift */ = {isa = PBXFileReference; fileEncoding = 4; lastKnownFileType = sourcecode.swift; path = ImagesViewModel.swift; sourceTree = "<group>"; };
		0215497C1F4F1633005738DC /* ImagesViewPresenter.swift */ = {isa = PBXFileReference; fileEncoding = 4; lastKnownFileType = sourcecode.swift; path = ImagesViewPresenter.swift; sourceTree = "<group>"; };
		024114531F31003400FAE520 /* TweetTableViewCell.swift */ = {isa = PBXFileReference; fileEncoding = 4; lastKnownFileType = sourcecode.swift; path = TweetTableViewCell.swift; sourceTree = "<group>"; };
		029CBE741F49B06B00E6E51D /* RecentQueriesController.swift */ = {isa = PBXFileReference; fileEncoding = 4; lastKnownFileType = sourcecode.swift; path = RecentQueriesController.swift; sourceTree = "<group>"; };
		029CBE761F49BDFD00E6E51D /* RecentQueriesModel.swift */ = {isa = PBXFileReference; fileEncoding = 4; lastKnownFileType = sourcecode.swift; path = RecentQueriesModel.swift; sourceTree = "<group>"; };
		029F1B341F2F7579009AF9FE /* Smashtag.app */ = {isa = PBXFileReference; explicitFileType = wrapper.application; includeInIndex = 0; path = Smashtag.app; sourceTree = BUILT_PRODUCTS_DIR; };
		029F1B371F2F7579009AF9FE /* AppDelegate.swift */ = {isa = PBXFileReference; lastKnownFileType = sourcecode.swift; path = AppDelegate.swift; sourceTree = "<group>"; };
		029F1B3C1F2F7579009AF9FE /* Base */ = {isa = PBXFileReference; lastKnownFileType = file.storyboard; name = Base; path = Base.lproj/Main.storyboard; sourceTree = "<group>"; };
		029F1B3E1F2F7579009AF9FE /* Assets.xcassets */ = {isa = PBXFileReference; lastKnownFileType = folder.assetcatalog; path = Assets.xcassets; sourceTree = "<group>"; };
		029F1B411F2F7579009AF9FE /* Base */ = {isa = PBXFileReference; lastKnownFileType = file.storyboard; name = Base; path = Base.lproj/LaunchScreen.storyboard; sourceTree = "<group>"; };
		029F1B431F2F7579009AF9FE /* Info.plist */ = {isa = PBXFileReference; lastKnownFileType = text.plist.xml; path = Info.plist; sourceTree = "<group>"; };
		029F1B481F2F7579009AF9FE /* SmashtagTests.xctest */ = {isa = PBXFileReference; explicitFileType = wrapper.cfbundle; includeInIndex = 0; path = SmashtagTests.xctest; sourceTree = BUILT_PRODUCTS_DIR; };
		029F1B4C1F2F7579009AF9FE /* SmashtagTests.swift */ = {isa = PBXFileReference; lastKnownFileType = sourcecode.swift; path = SmashtagTests.swift; sourceTree = "<group>"; };
		029F1B4E1F2F7579009AF9FE /* Info.plist */ = {isa = PBXFileReference; lastKnownFileType = text.plist.xml; path = Info.plist; sourceTree = "<group>"; };
		029F1B531F2F7579009AF9FE /* SmashtagUITests.xctest */ = {isa = PBXFileReference; explicitFileType = wrapper.cfbundle; includeInIndex = 0; path = SmashtagUITests.xctest; sourceTree = BUILT_PRODUCTS_DIR; };
		029F1B571F2F7579009AF9FE /* SmashtagUITests.swift */ = {isa = PBXFileReference; lastKnownFileType = sourcecode.swift; path = SmashtagUITests.swift; sourceTree = "<group>"; };
		029F1B591F2F7579009AF9FE /* Info.plist */ = {isa = PBXFileReference; lastKnownFileType = text.plist.xml; path = Info.plist; sourceTree = "<group>"; };
		029F1B661F2F76A7009AF9FE /* TweetTableViewController.swift */ = {isa = PBXFileReference; fileEncoding = 4; lastKnownFileType = sourcecode.swift; path = TweetTableViewController.swift; sourceTree = "<group>"; };
		029F1B7C1F320A0C009AF9FE /* Twitter.framework */ = {isa = PBXFileReference; explicitFileType = wrapper.framework; path = Twitter.framework; sourceTree = BUILT_PRODUCTS_DIR; };
		029F1B801F337335009AF9FE /* MentionsTableViewController.swift */ = {isa = PBXFileReference; fileEncoding = 4; lastKnownFileType = sourcecode.swift; path = MentionsTableViewController.swift; sourceTree = "<group>"; };
		029F1B831F337971009AF9FE /* ImageMentionTableViewCell.swift */ = {isa = PBXFileReference; fileEncoding = 4; lastKnownFileType = sourcecode.swift; path = ImageMentionTableViewCell.swift; sourceTree = "<group>"; };
		029F1B871F337A14009AF9FE /* MentionsModel.swift */ = {isa = PBXFileReference; fileEncoding = 4; lastKnownFileType = sourcecode.swift; path = MentionsModel.swift; sourceTree = "<group>"; };
		02C3FC321F43175B0036E681 /* ImageShowControl.swift */ = {isa = PBXFileReference; fileEncoding = 4; lastKnownFileType = sourcecode.swift; path = ImageShowControl.swift; sourceTree = "<group>"; };
/* End PBXFileReference section */

/* Begin PBXFrameworksBuildPhase section */
		029F1B311F2F7579009AF9FE /* Frameworks */ = {
			isa = PBXFrameworksBuildPhase;
			buildActionMask = 2147483647;
			files = (
				029F1B7D1F320A0C009AF9FE /* Twitter.framework in Frameworks */,
			);
			runOnlyForDeploymentPostprocessing = 0;
		};
		029F1B451F2F7579009AF9FE /* Frameworks */ = {
			isa = PBXFrameworksBuildPhase;
			buildActionMask = 2147483647;
			files = (
			);
			runOnlyForDeploymentPostprocessing = 0;
		};
		029F1B501F2F7579009AF9FE /* Frameworks */ = {
			isa = PBXFrameworksBuildPhase;
			buildActionMask = 2147483647;
			files = (
			);
			runOnlyForDeploymentPostprocessing = 0;
		};
/* End PBXFrameworksBuildPhase section */

/* Begin PBXGroup section */
		021549701F4B2EF9005738DC /* SafariMVC */ = {
			isa = PBXGroup;
			children = (
				021549711F4B2F43005738DC /* SafariViewController.swift */,
			);
			name = SafariMVC;
			sourceTree = "<group>";
		};
		021549731F4DAE9F005738DC /* ImagesMVP */ = {
			isa = PBXGroup;
			children = (
				021549741F4DAF03005738DC /* ImagesViewController.swift */,
				021549761F4DBC14005738DC /* ImageViewCell.swift */,
				021549781F4DCCC6005738DC /* ImagesViewModel.swift */,
				0215497C1F4F1633005738DC /* ImagesViewPresenter.swift */,
			);
			name = ImagesMVP;
			sourceTree = "<group>";
		};
		02685B3E1F458F9200A188E1 /* TabBarMVCs */ = {
			isa = PBXGroup;
			children = (
				021549731F4DAE9F005738DC /* ImagesMVP */,
				029CBE731F49AFFD00E6E51D /* RecentQueriesMVC */,
				029F1B7F1F337271009AF9FE /* TweetFindMVC */,
			);
			name = TabBarMVCs;
			sourceTree = "<group>";
		};
		029CBE731F49AFFD00E6E51D /* RecentQueriesMVC */ = {
			isa = PBXGroup;
			children = (
				029CBE741F49B06B00E6E51D /* RecentQueriesController.swift */,
				029CBE761F49BDFD00E6E51D /* RecentQueriesModel.swift */,
			);
			name = RecentQueriesMVC;
			sourceTree = "<group>";
		};
		029F1B2B1F2F7579009AF9FE = {
			isa = PBXGroup;
			children = (
				029F1B361F2F7579009AF9FE /* Smashtag */,
				029F1B4B1F2F7579009AF9FE /* SmashtagTests */,
				029F1B561F2F7579009AF9FE /* SmashtagUITests */,
				029F1B351F2F7579009AF9FE /* Products */,
				029F1B7C1F320A0C009AF9FE /* Twitter.framework */,
			);
			sourceTree = "<group>";
		};
		029F1B351F2F7579009AF9FE /* Products */ = {
			isa = PBXGroup;
			children = (
				029F1B341F2F7579009AF9FE /* Smashtag.app */,
				029F1B481F2F7579009AF9FE /* SmashtagTests.xctest */,
				029F1B531F2F7579009AF9FE /* SmashtagUITests.xctest */,
			);
			name = Products;
			sourceTree = "<group>";
		};
		029F1B361F2F7579009AF9FE /* Smashtag */ = {
			isa = PBXGroup;
			children = (
				02685B3E1F458F9200A188E1 /* TabBarMVCs */,
				029F1B821F337346009AF9FE /* MentionsMVC */,
				029F1B3B1F2F7579009AF9FE /* Main.storyboard */,
				029F1B431F2F7579009AF9FE /* Info.plist */,
				029F1B651F2F75D0009AF9FE /* Supporting files */,
			);
			path = Smashtag;
			sourceTree = "<group>";
		};
		029F1B4B1F2F7579009AF9FE /* SmashtagTests */ = {
			isa = PBXGroup;
			children = (
				029F1B4C1F2F7579009AF9FE /* SmashtagTests.swift */,
				029F1B4E1F2F7579009AF9FE /* Info.plist */,
			);
			path = SmashtagTests;
			sourceTree = "<group>";
		};
		029F1B561F2F7579009AF9FE /* SmashtagUITests */ = {
			isa = PBXGroup;
			children = (
				029F1B571F2F7579009AF9FE /* SmashtagUITests.swift */,
				029F1B591F2F7579009AF9FE /* Info.plist */,
			);
			path = SmashtagUITests;
			sourceTree = "<group>";
		};
		029F1B651F2F75D0009AF9FE /* Supporting files */ = {
			isa = PBXGroup;
			children = (
				029F1B401F2F7579009AF9FE /* LaunchScreen.storyboard */,
				029F1B3E1F2F7579009AF9FE /* Assets.xcassets */,
				029F1B371F2F7579009AF9FE /* AppDelegate.swift */,
			);
			name = "Supporting files";
			sourceTree = "<group>";
		};
		029F1B7F1F337271009AF9FE /* TweetFindMVC */ = {
			isa = PBXGroup;
			children = (
				029F1B661F2F76A7009AF9FE /* TweetTableViewController.swift */,
				024114531F31003400FAE520 /* TweetTableViewCell.swift */,
			);
			name = TweetFindMVC;
			sourceTree = "<group>";
		};
		029F1B821F337346009AF9FE /* MentionsMVC */ = {
			isa = PBXGroup;
			children = (
				021549701F4B2EF9005738DC /* SafariMVC */,
				02C3FC311F4315290036E681 /* ImageShowMVC */,
				029F1B801F337335009AF9FE /* MentionsTableViewController.swift */,
				029F1B871F337A14009AF9FE /* MentionsModel.swift */,
			);
			name = MentionsMVC;
			sourceTree = "<group>";
		};
		02C3FC311F4315290036E681 /* ImageShowMVC */ = {
			isa = PBXGroup;
			children = (
				02C3FC321F43175B0036E681 /* ImageShowControl.swift */,
				029F1B831F337971009AF9FE /* ImageMentionTableViewCell.swift */,
			);
			name = ImageShowMVC;
			sourceTree = "<group>";
		};
/* End PBXGroup section */

/* Begin PBXNativeTarget section */
		029F1B331F2F7579009AF9FE /* Smashtag */ = {
			isa = PBXNativeTarget;
			buildConfigurationList = 029F1B5C1F2F7579009AF9FE /* Build configuration list for PBXNativeTarget "Smashtag" */;
			buildPhases = (
				029F1B301F2F7579009AF9FE /* Sources */,
				029F1B311F2F7579009AF9FE /* Frameworks */,
				029F1B321F2F7579009AF9FE /* Resources */,
				029F1B751F31D522009AF9FE /* Embed Frameworks */,
			);
			buildRules = (
			);
			dependencies = (
			);
			name = Smashtag;
			productName = Smashtag;
			productReference = 029F1B341F2F7579009AF9FE /* Smashtag.app */;
			productType = "com.apple.product-type.application";
		};
		029F1B471F2F7579009AF9FE /* SmashtagTests */ = {
			isa = PBXNativeTarget;
			buildConfigurationList = 029F1B5F1F2F7579009AF9FE /* Build configuration list for PBXNativeTarget "SmashtagTests" */;
			buildPhases = (
				029F1B441F2F7579009AF9FE /* Sources */,
				029F1B451F2F7579009AF9FE /* Frameworks */,
				029F1B461F2F7579009AF9FE /* Resources */,
			);
			buildRules = (
			);
			dependencies = (
				029F1B4A1F2F7579009AF9FE /* PBXTargetDependency */,
			);
			name = SmashtagTests;
			productName = SmashtagTests;
			productReference = 029F1B481F2F7579009AF9FE /* SmashtagTests.xctest */;
			productType = "com.apple.product-type.bundle.unit-test";
		};
		029F1B521F2F7579009AF9FE /* SmashtagUITests */ = {
			isa = PBXNativeTarget;
			buildConfigurationList = 029F1B621F2F7579009AF9FE /* Build configuration list for PBXNativeTarget "SmashtagUITests" */;
			buildPhases = (
				029F1B4F1F2F7579009AF9FE /* Sources */,
				029F1B501F2F7579009AF9FE /* Frameworks */,
				029F1B511F2F7579009AF9FE /* Resources */,
			);
			buildRules = (
			);
			dependencies = (
				029F1B551F2F7579009AF9FE /* PBXTargetDependency */,
			);
			name = SmashtagUITests;
			productName = SmashtagUITests;
			productReference = 029F1B531F2F7579009AF9FE /* SmashtagUITests.xctest */;
			productType = "com.apple.product-type.bundle.ui-testing";
		};
/* End PBXNativeTarget section */

/* Begin PBXProject section */
		029F1B2C1F2F7579009AF9FE /* Project object */ = {
			isa = PBXProject;
			attributes = {
				LastSwiftUpdateCheck = 0830;
				LastUpgradeCheck = 0830;
				ORGANIZATIONNAME = ditansu;
				TargetAttributes = {
					029F1B331F2F7579009AF9FE = {
						CreatedOnToolsVersion = 8.3.3;
						DevelopmentTeam = 67QLNP5VMR;
						ProvisioningStyle = Automatic;
					};
					029F1B471F2F7579009AF9FE = {
						CreatedOnToolsVersion = 8.3.3;
						DevelopmentTeam = 67QLNP5VMR;
						ProvisioningStyle = Automatic;
						TestTargetID = 029F1B331F2F7579009AF9FE;
					};
					029F1B521F2F7579009AF9FE = {
						CreatedOnToolsVersion = 8.3.3;
						DevelopmentTeam = 67QLNP5VMR;
						ProvisioningStyle = Automatic;
						TestTargetID = 029F1B331F2F7579009AF9FE;
					};
				};
			};
			buildConfigurationList = 029F1B2F1F2F7579009AF9FE /* Build configuration list for PBXProject "Smashtag" */;
			compatibilityVersion = "Xcode 3.2";
			developmentRegion = English;
			hasScannedForEncodings = 0;
			knownRegions = (
				en,
				Base,
			);
			mainGroup = 029F1B2B1F2F7579009AF9FE;
			productRefGroup = 029F1B351F2F7579009AF9FE /* Products */;
			projectDirPath = "";
			projectRoot = "";
			targets = (
				029F1B331F2F7579009AF9FE /* Smashtag */,
				029F1B471F2F7579009AF9FE /* SmashtagTests */,
				029F1B521F2F7579009AF9FE /* SmashtagUITests */,
			);
		};
/* End PBXProject section */

/* Begin PBXResourcesBuildPhase section */
		029F1B321F2F7579009AF9FE /* Resources */ = {
			isa = PBXResourcesBuildPhase;
			buildActionMask = 2147483647;
			files = (
				029F1B421F2F7579009AF9FE /* LaunchScreen.storyboard in Resources */,
				029F1B3F1F2F7579009AF9FE /* Assets.xcassets in Resources */,
				029F1B3D1F2F7579009AF9FE /* Main.storyboard in Resources */,
			);
			runOnlyForDeploymentPostprocessing = 0;
		};
		029F1B461F2F7579009AF9FE /* Resources */ = {
			isa = PBXResourcesBuildPhase;
			buildActionMask = 2147483647;
			files = (
			);
			runOnlyForDeploymentPostprocessing = 0;
		};
		029F1B511F2F7579009AF9FE /* Resources */ = {
			isa = PBXResourcesBuildPhase;
			buildActionMask = 2147483647;
			files = (
			);
			runOnlyForDeploymentPostprocessing = 0;
		};
/* End PBXResourcesBuildPhase section */

/* Begin PBXSourcesBuildPhase section */
		029F1B301F2F7579009AF9FE /* Sources */ = {
			isa = PBXSourcesBuildPhase;
			buildActionMask = 2147483647;
			files = (
				029F1B881F337A14009AF9FE /* MentionsModel.swift in Sources */,
				029F1B811F337335009AF9FE /* MentionsTableViewController.swift in Sources */,
				021549721F4B2F43005738DC /* SafariViewController.swift in Sources */,
				021549751F4DAF03005738DC /* ImagesViewController.swift in Sources */,
				021549771F4DBC14005738DC /* ImageViewCell.swift in Sources */,
				029F1B381F2F7579009AF9FE /* AppDelegate.swift in Sources */,
				029F1B841F337971009AF9FE /* ImageMentionTableViewCell.swift in Sources */,
				029F1B671F2F76A7009AF9FE /* TweetTableViewController.swift in Sources */,
				029CBE771F49BDFD00E6E51D /* RecentQueriesModel.swift in Sources */,
				024114541F31003400FAE520 /* TweetTableViewCell.swift in Sources */,
				02C3FC331F43175B0036E681 /* ImageShowControl.swift in Sources */,
				029CBE751F49B06B00E6E51D /* RecentQueriesController.swift in Sources */,
				021549791F4DCCC6005738DC /* ImagesViewModel.swift in Sources */,
				0215497D1F4F1633005738DC /* ImagesViewPresenter.swift in Sources */,
			);
			runOnlyForDeploymentPostprocessing = 0;
		};
		029F1B441F2F7579009AF9FE /* Sources */ = {
			isa = PBXSourcesBuildPhase;
			buildActionMask = 2147483647;
			files = (
				029F1B4D1F2F7579009AF9FE /* SmashtagTests.swift in Sources */,
			);
			runOnlyForDeploymentPostprocessing = 0;
		};
		029F1B4F1F2F7579009AF9FE /* Sources */ = {
			isa = PBXSourcesBuildPhase;
			buildActionMask = 2147483647;
			files = (
				029F1B581F2F7579009AF9FE /* SmashtagUITests.swift in Sources */,
			);
			runOnlyForDeploymentPostprocessing = 0;
		};
/* End PBXSourcesBuildPhase section */

/* Begin PBXTargetDependency section */
		029F1B4A1F2F7579009AF9FE /* PBXTargetDependency */ = {
			isa = PBXTargetDependency;
			target = 029F1B331F2F7579009AF9FE /* Smashtag */;
			targetProxy = 029F1B491F2F7579009AF9FE /* PBXContainerItemProxy */;
		};
		029F1B551F2F7579009AF9FE /* PBXTargetDependency */ = {
			isa = PBXTargetDependency;
			target = 029F1B331F2F7579009AF9FE /* Smashtag */;
			targetProxy = 029F1B541F2F7579009AF9FE /* PBXContainerItemProxy */;
		};
/* End PBXTargetDependency section */

/* Begin PBXVariantGroup section */
		029F1B3B1F2F7579009AF9FE /* Main.storyboard */ = {
			isa = PBXVariantGroup;
			children = (
				029F1B3C1F2F7579009AF9FE /* Base */,
			);
			name = Main.storyboard;
			sourceTree = "<group>";
		};
		029F1B401F2F7579009AF9FE /* LaunchScreen.storyboard */ = {
			isa = PBXVariantGroup;
			children = (
				029F1B411F2F7579009AF9FE /* Base */,
			);
			name = LaunchScreen.storyboard;
			sourceTree = "<group>";
		};
/* End PBXVariantGroup section */

/* Begin XCBuildConfiguration section */
		029F1B5A1F2F7579009AF9FE /* Debug */ = {
			isa = XCBuildConfiguration;
			buildSettings = {
				ALWAYS_SEARCH_USER_PATHS = NO;
				CLANG_ANALYZER_NONNULL = YES;
				CLANG_ANALYZER_NUMBER_OBJECT_CONVERSION = YES_AGGRESSIVE;
				CLANG_CXX_LANGUAGE_STANDARD = "gnu++0x";
				CLANG_CXX_LIBRARY = "libc++";
				CLANG_ENABLE_MODULES = YES;
				CLANG_ENABLE_OBJC_ARC = YES;
				CLANG_WARN_BOOL_CONVERSION = YES;
				CLANG_WARN_CONSTANT_CONVERSION = YES;
				CLANG_WARN_DIRECT_OBJC_ISA_USAGE = YES_ERROR;
				CLANG_WARN_DOCUMENTATION_COMMENTS = YES;
				CLANG_WARN_EMPTY_BODY = YES;
				CLANG_WARN_ENUM_CONVERSION = YES;
				CLANG_WARN_INFINITE_RECURSION = YES;
				CLANG_WARN_INT_CONVERSION = YES;
				CLANG_WARN_OBJC_ROOT_CLASS = YES_ERROR;
				CLANG_WARN_SUSPICIOUS_MOVE = YES;
				CLANG_WARN_UNREACHABLE_CODE = YES;
				CLANG_WARN__DUPLICATE_METHOD_MATCH = YES;
				"CODE_SIGN_IDENTITY[sdk=iphoneos*]" = "iPhone Developer";
				COPY_PHASE_STRIP = NO;
				DEBUG_INFORMATION_FORMAT = dwarf;
				ENABLE_STRICT_OBJC_MSGSEND = YES;
				ENABLE_TESTABILITY = YES;
				GCC_C_LANGUAGE_STANDARD = gnu99;
				GCC_DYNAMIC_NO_PIC = NO;
				GCC_NO_COMMON_BLOCKS = YES;
				GCC_OPTIMIZATION_LEVEL = 0;
				GCC_PREPROCESSOR_DEFINITIONS = (
					"DEBUG=1",
					"$(inherited)",
				);
				GCC_WARN_64_TO_32_BIT_CONVERSION = YES;
				GCC_WARN_ABOUT_RETURN_TYPE = YES_ERROR;
				GCC_WARN_UNDECLARED_SELECTOR = YES;
				GCC_WARN_UNINITIALIZED_AUTOS = YES_AGGRESSIVE;
				GCC_WARN_UNUSED_FUNCTION = YES;
				GCC_WARN_UNUSED_VARIABLE = YES;
				IPHONEOS_DEPLOYMENT_TARGET = 10.3;
				MTL_ENABLE_DEBUG_INFO = YES;
				ONLY_ACTIVE_ARCH = YES;
				SDKROOT = iphoneos;
				SWIFT_ACTIVE_COMPILATION_CONDITIONS = DEBUG;
				SWIFT_OPTIMIZATION_LEVEL = "-Onone";
			};
			name = Debug;
		};
		029F1B5B1F2F7579009AF9FE /* Release */ = {
			isa = XCBuildConfiguration;
			buildSettings = {
				ALWAYS_SEARCH_USER_PATHS = NO;
				CLANG_ANALYZER_NONNULL = YES;
				CLANG_ANALYZER_NUMBER_OBJECT_CONVERSION = YES_AGGRESSIVE;
				CLANG_CXX_LANGUAGE_STANDARD = "gnu++0x";
				CLANG_CXX_LIBRARY = "libc++";
				CLANG_ENABLE_MODULES = YES;
				CLANG_ENABLE_OBJC_ARC = YES;
				CLANG_WARN_BOOL_CONVERSION = YES;
				CLANG_WARN_CONSTANT_CONVERSION = YES;
				CLANG_WARN_DIRECT_OBJC_ISA_USAGE = YES_ERROR;
				CLANG_WARN_DOCUMENTATION_COMMENTS = YES;
				CLANG_WARN_EMPTY_BODY = YES;
				CLANG_WARN_ENUM_CONVERSION = YES;
				CLANG_WARN_INFINITE_RECURSION = YES;
				CLANG_WARN_INT_CONVERSION = YES;
				CLANG_WARN_OBJC_ROOT_CLASS = YES_ERROR;
				CLANG_WARN_SUSPICIOUS_MOVE = YES;
				CLANG_WARN_UNREACHABLE_CODE = YES;
				CLANG_WARN__DUPLICATE_METHOD_MATCH = YES;
				"CODE_SIGN_IDENTITY[sdk=iphoneos*]" = "iPhone Developer";
				COPY_PHASE_STRIP = NO;
				DEBUG_INFORMATION_FORMAT = "dwarf-with-dsym";
				ENABLE_NS_ASSERTIONS = NO;
				ENABLE_STRICT_OBJC_MSGSEND = YES;
				GCC_C_LANGUAGE_STANDARD = gnu99;
				GCC_NO_COMMON_BLOCKS = YES;
				GCC_WARN_64_TO_32_BIT_CONVERSION = YES;
				GCC_WARN_ABOUT_RETURN_TYPE = YES_ERROR;
				GCC_WARN_UNDECLARED_SELECTOR = YES;
				GCC_WARN_UNINITIALIZED_AUTOS = YES_AGGRESSIVE;
				GCC_WARN_UNUSED_FUNCTION = YES;
				GCC_WARN_UNUSED_VARIABLE = YES;
				IPHONEOS_DEPLOYMENT_TARGET = 10.3;
				MTL_ENABLE_DEBUG_INFO = NO;
				SDKROOT = iphoneos;
				SWIFT_OPTIMIZATION_LEVEL = "-Owholemodule";
				VALIDATE_PRODUCT = YES;
			};
			name = Release;
		};
		029F1B5D1F2F7579009AF9FE /* Debug */ = {
			isa = XCBuildConfiguration;
			buildSettings = {
				ASSETCATALOG_COMPILER_APPICON_NAME = AppIcon;
				DEVELOPMENT_TEAM = 67QLNP5VMR;
				INFOPLIST_FILE = Smashtag/Info.plist;
				LD_RUNPATH_SEARCH_PATHS = "$(inherited) @executable_path/Frameworks";
				PRODUCT_BUNDLE_IDENTIFIER = "Ditansu-Inc.Smashtag";
				PRODUCT_NAME = "$(TARGET_NAME)";
				SWIFT_VERSION = 3.0;
			};
			name = Debug;
		};
		029F1B5E1F2F7579009AF9FE /* Release */ = {
			isa = XCBuildConfiguration;
			buildSettings = {
				ASSETCATALOG_COMPILER_APPICON_NAME = AppIcon;
				DEVELOPMENT_TEAM = 67QLNP5VMR;
				INFOPLIST_FILE = Smashtag/Info.plist;
				LD_RUNPATH_SEARCH_PATHS = "$(inherited) @executable_path/Frameworks";
				PRODUCT_BUNDLE_IDENTIFIER = "Ditansu-Inc.Smashtag";
				PRODUCT_NAME = "$(TARGET_NAME)";
				SWIFT_VERSION = 3.0;
			};
			name = Release;
		};
		029F1B601F2F7579009AF9FE /* Debug */ = {
			isa = XCBuildConfiguration;
			buildSettings = {
				ALWAYS_EMBED_SWIFT_STANDARD_LIBRARIES = YES;
				BUNDLE_LOADER = "$(TEST_HOST)";
				DEVELOPMENT_TEAM = 67QLNP5VMR;
				INFOPLIST_FILE = SmashtagTests/Info.plist;
				LD_RUNPATH_SEARCH_PATHS = "$(inherited) @executable_path/Frameworks @loader_path/Frameworks";
				PRODUCT_BUNDLE_IDENTIFIER = "Ditansu-Inc.SmashtagTests";
				PRODUCT_NAME = "$(TARGET_NAME)";
				SWIFT_VERSION = 3.0;
				TEST_HOST = "$(BUILT_PRODUCTS_DIR)/Smashtag.app/Smashtag";
			};
			name = Debug;
		};
		029F1B611F2F7579009AF9FE /* Release */ = {
			isa = XCBuildConfiguration;
			buildSettings = {
				ALWAYS_EMBED_SWIFT_STANDARD_LIBRARIES = YES;
				BUNDLE_LOADER = "$(TEST_HOST)";
				DEVELOPMENT_TEAM = 67QLNP5VMR;
				INFOPLIST_FILE = SmashtagTests/Info.plist;
				LD_RUNPATH_SEARCH_PATHS = "$(inherited) @executable_path/Frameworks @loader_path/Frameworks";
				PRODUCT_BUNDLE_IDENTIFIER = "Ditansu-Inc.SmashtagTests";
				PRODUCT_NAME = "$(TARGET_NAME)";
				SWIFT_VERSION = 3.0;
				TEST_HOST = "$(BUILT_PRODUCTS_DIR)/Smashtag.app/Smashtag";
			};
			name = Release;
		};
		029F1B631F2F7579009AF9FE /* Debug */ = {
			isa = XCBuildConfiguration;
			buildSettings = {
				ALWAYS_EMBED_SWIFT_STANDARD_LIBRARIES = YES;
				DEVELOPMENT_TEAM = 67QLNP5VMR;
				INFOPLIST_FILE = SmashtagUITests/Info.plist;
				LD_RUNPATH_SEARCH_PATHS = "$(inherited) @executable_path/Frameworks @loader_path/Frameworks";
				PRODUCT_BUNDLE_IDENTIFIER = "Ditansu-Inc.SmashtagUITests";
				PRODUCT_NAME = "$(TARGET_NAME)";
				SWIFT_VERSION = 3.0;
				TEST_TARGET_NAME = Smashtag;
			};
			name = Debug;
		};
		029F1B641F2F7579009AF9FE /* Release */ = {
			isa = XCBuildConfiguration;
			buildSettings = {
				ALWAYS_EMBED_SWIFT_STANDARD_LIBRARIES = YES;
				DEVELOPMENT_TEAM = 67QLNP5VMR;
				INFOPLIST_FILE = SmashtagUITests/Info.plist;
				LD_RUNPATH_SEARCH_PATHS = "$(inherited) @executable_path/Frameworks @loader_path/Frameworks";
				PRODUCT_BUNDLE_IDENTIFIER = "Ditansu-Inc.SmashtagUITests";
				PRODUCT_NAME = "$(TARGET_NAME)";
				SWIFT_VERSION = 3.0;
				TEST_TARGET_NAME = Smashtag;
			};
			name = Release;
		};
/* End XCBuildConfiguration section */

/* Begin XCConfigurationList section */
		029F1B2F1F2F7579009AF9FE /* Build configuration list for PBXProject "Smashtag" */ = {
			isa = XCConfigurationList;
			buildConfigurations = (
				029F1B5A1F2F7579009AF9FE /* Debug */,
				029F1B5B1F2F7579009AF9FE /* Release */,
			);
			defaultConfigurationIsVisible = 0;
			defaultConfigurationName = Release;
		};
		029F1B5C1F2F7579009AF9FE /* Build configuration list for PBXNativeTarget "Smashtag" */ = {
			isa = XCConfigurationList;
			buildConfigurations = (
				029F1B5D1F2F7579009AF9FE /* Debug */,
				029F1B5E1F2F7579009AF9FE /* Release */,
			);
			defaultConfigurationIsVisible = 0;
			defaultConfigurationName = Release;
		};
		029F1B5F1F2F7579009AF9FE /* Build configuration list for PBXNativeTarget "SmashtagTests" */ = {
			isa = XCConfigurationList;
			buildConfigurations = (
				029F1B601F2F7579009AF9FE /* Debug */,
				029F1B611F2F7579009AF9FE /* Release */,
			);
			defaultConfigurationIsVisible = 0;
			defaultConfigurationName = Release;
		};
		029F1B621F2F7579009AF9FE /* Build configuration list for PBXNativeTarget "SmashtagUITests" */ = {
			isa = XCConfigurationList;
			buildConfigurations = (
				029F1B631F2F7579009AF9FE /* Debug */,
				029F1B641F2F7579009AF9FE /* Release */,
			);
			defaultConfigurationIsVisible = 0;
			defaultConfigurationName = Release;
		};
/* End XCConfigurationList section */
	};
	rootObject = 029F1B2C1F2F7579009AF9FE /* Project object */;
}
